
Microsoft Visual Studio Solution File, Format Version 12.00
# Visual Studio Version 17
VisualStudioVersion = 17.1.32210.238
MinimumVisualStudioVersion = 10.0.40219.1
Project("{FAE04EC0-301F-11D3-BF4B-00C04F79EFBC}") = "BubbleSort", "BubbleSort.csproj", "{165EB603-E394-43CF-87B6-1703EE70BF0D}"
EndProject
Global
	GlobalSection(SolutionConfigurationPlatforms) = preSolution
		Debug|Any CPU = Debug|Any CPU
		Release|Any CPU = Release|Any CPU
	EndGlobalSection
	GlobalSection(ProjectConfigurationPlatforms) = postSolution
		{165EB603-E394-43CF-87B6-1703EE70BF0D}.Debug|Any CPU.ActiveCfg = Debug|Any CPU
		{165EB603-E394-43CF-87B6-1703EE70BF0D}.Debug|Any CPU.Build.0 = Debug|Any CPU
		{165EB603-E394-43CF-87B6-1703EE70BF0D}.Release|Any CPU.ActiveCfg = Release|Any CPU
		{165EB603-E394-43CF-87B6-1703EE70BF0D}.Release|Any CPU.Build.0 = Release|Any CPU
	EndGlobalSection
	GlobalSection(SolutionProperties) = preSolution
		HideSolutionNode = FALSE
	EndGlobalSection
	GlobalSection(ExtensibilityGlobals) = postSolution
		SolutionGuid = {D54FD6F0-3876-4FD5-BBB3-11F42662315B}
	EndGlobalSection
EndGlobal
